<?xml version="1.0" encoding="utf-8"?>
<Project ToolsVersion="4.0" xmlns="http://schemas.microsoft.com/developer/msbuild/2003">
  <ItemGroup>
    <ClInclude Include="Vertex.h">
      <Filter>structs</Filter>
    </ClInclude>
    <ClInclude Include="Vector.h">
      <Filter>structs</Filter>
    </ClInclude>
    <ClInclude Include="gl.h">
      <Filter>opengl</Filter>
    </ClInclude>
    <ClInclude Include="io.h">
      <Filter>backend</Filter>
    </ClInclude>
    <ClInclude Include="typedef.h">
      <Filter>utils</Filter>
    </ClInclude>
    <ClInclude Include="macros.h">
      <Filter>utils</Filter>
    </ClInclude>
    <ClInclude Include="window.h">
      <Filter>backend</Filter>
    </ClInclude>
    <ClInclude Include="ui.h">
      <Filter>backend</Filter>
    </ClInclude>
    <ClInclude Include="lib\imgui\imconfig.h">
      <Filter>lib\imgui</Filter>
    </ClInclude>
    <ClInclude Include="lib\imgui\imgui.h">
      <Filter>lib\imgui</Filter>
    </ClInclude>
    <ClInclude Include="lib\imgui\imgui_internal.h">
      <Filter>lib\imgui</Filter>
    </ClInclude>
    <ClInclude Include="lib\imgui\stb_rect_pack.h">
      <Filter>lib\imgui</Filter>
    </ClInclude>
    <ClInclude Include="lib\imgui\stb_textedit.h">
      <Filter>lib\imgui</Filter>
    </ClInclude>
    <ClInclude Include="lib\imgui\stb_truetype.h">
      <Filter>lib\imgui</Filter>
    </ClInclude>
    <ClInclude Include="shaders.h">
      <Filter>opengl</Filter>
    </ClInclude>
    <ClInclude Include="Texture.h">
      <Filter>opengl</Filter>
    </ClInclude>
  </ItemGroup>
  <ItemGroup>
    <ClCompile Include="main.cpp" />
    <ClCompile Include="gl.cpp">
      <Filter>opengl</Filter>
    </ClCompile>
    <ClCompile Include="io.cpp">
      <Filter>backend</Filter>
    </ClCompile>
    <ClCompile Include="window.cpp">
      <Filter>backend</Filter>
    </ClCompile>
    <ClCompile Include="ui.cpp">
      <Filter>backend</Filter>
    </ClCompile>
    <ClCompile Include="lib\imgui\imgui.cpp">
      <Filter>lib\imgui</Filter>
    </ClCompile>
    <ClCompile Include="lib\imgui\imgui_draw.cpp">
      <Filter>lib\imgui</Filter>
    </ClCompile>
    <ClCompile Include="shaders.cpp">
      <Filter>opengl</Filter>
    </ClCompile>
    <ClCompile Include="Texture.cpp">
      <Filter>opengl</Filter>
    </ClCompile>
  </ItemGroup>
  <ItemGroup>
    <Filter Include="opengl">
      <UniqueIdentifier>{73f47e45-d144-4f22-a2b0-baad4ec2d597}</UniqueIdentifier>
    </Filter>
    <Filter Include="utils">
      <UniqueIdentifier>{1edfc2b8-cc0c-427d-b900-1d18b03a6490}</UniqueIdentifier>
    </Filter>
    <Filter Include="structs">
      <UniqueIdentifier>{6a176b3d-b37a-4325-adfd-706f5d7fd716}</UniqueIdentifier>
    </Filter>
    <Filter Include="lib">
      <UniqueIdentifier>{ecfaf482-2714-4a6b-9f16-05d828633a6a}</UniqueIdentifier>
    </Filter>
    <Filter Include="lib\imgui">
      <UniqueIdentifier>{ced642d6-7e5d-406c-8c89-f99335d1179b}</UniqueIdentifier>
    </Filter>
    <Filter Include="backend">
      <UniqueIdentifier>{f73b7299-c191-49a9-9c35-de1d1c19055b}</UniqueIdentifier>
    </Filter>
  </ItemGroup>
</Project>