<?xml version="1.0" encoding="utf-8"?>
<Project ToolsVersion="4.0" xmlns="http://schemas.microsoft.com/developer/msbuild/2003">
  <ItemGroup>
    <ClInclude Include="Vertex.h">
      <Filter>structs</Filter>
    </ClInclude>
    <ClInclude Include="Vector.h">
      <Filter>structs</Filter>
    </ClInclude>
    <ClInclude Include="gl.h">
      <Filter>opengl</Filter>
    </ClInclude>
    <ClInclude Include="io.h">
      <Filter>sdl</Filter>
    </ClInclude>
    <ClInclude Include="typedef.h">
      <Filter>utils</Filter>
    </ClInclude>
    <ClInclude Include="macros.h">
      <Filter>utils</Filter>
    </ClInclude>
    <ClInclude Include="shader-base.h">
      <Filter>opengl\shaders</Filter>
    </ClInclude>
    <ClInclude Include="shader-triangle.h">
      <Filter>opengl\shaders\single shaders</Filter>
    </ClInclude>
    <ClInclude Include="shader-manager.h">
      <Filter>opengl\shaders</Filter>
    </ClInclude>
    <ClInclude Include="renderer.h">
      <Filter>opengl\renderer</Filter>
    </ClInclude>
    <ClInclude Include="shader-quad.h">
      <Filter>opengl\shaders\single shaders</Filter>
    </ClInclude>
    <ClInclude Include="Texture.h">
      <Filter>opengl\shaders\texture</Filter>
    </ClInclude>
    <ClInclude Include="texture-manager.h">
      <Filter>opengl\shaders\texture</Filter>
    </ClInclude>
    <ClInclude Include="window.h">
      <Filter>sdl</Filter>
    </ClInclude>
    <ClInclude Include="shader-indexed-triangle.h">
      <Filter>opengl\shaders\single shaders</Filter>
    </ClInclude>
  </ItemGroup>
  <ItemGroup>
    <ClCompile Include="main.cpp" />
    <ClCompile Include="gl.cpp">
      <Filter>opengl</Filter>
    </ClCompile>
    <ClCompile Include="io.cpp">
      <Filter>sdl</Filter>
    </ClCompile>
    <ClCompile Include="shader-base.cpp">
      <Filter>opengl\shaders</Filter>
    </ClCompile>
    <ClCompile Include="shader-triangle.cpp">
      <Filter>opengl\shaders\single shaders</Filter>
    </ClCompile>
    <ClCompile Include="shader-manager.cpp">
      <Filter>opengl\shaders</Filter>
    </ClCompile>
    <ClCompile Include="renderer.cpp">
      <Filter>opengl\renderer</Filter>
    </ClCompile>
    <ClCompile Include="shader-quad.cpp">
      <Filter>opengl\shaders\single shaders</Filter>
    </ClCompile>
    <ClCompile Include="texture-manager.cpp">
      <Filter>opengl\shaders\texture</Filter>
    </ClCompile>
    <ClCompile Include="window.cpp">
      <Filter>sdl</Filter>
    </ClCompile>
    <ClCompile Include="shader-indexed-triangle.cpp">
      <Filter>opengl\shaders\single shaders</Filter>
    </ClCompile>
  </ItemGroup>
  <ItemGroup>
    <Filter Include="sdl">
      <UniqueIdentifier>{f73b7299-c191-49a9-9c35-de1d1c19055b}</UniqueIdentifier>
    </Filter>
    <Filter Include="opengl">
      <UniqueIdentifier>{73f47e45-d144-4f22-a2b0-baad4ec2d597}</UniqueIdentifier>
    </Filter>
    <Filter Include="utils">
      <UniqueIdentifier>{1edfc2b8-cc0c-427d-b900-1d18b03a6490}</UniqueIdentifier>
    </Filter>
    <Filter Include="structs">
      <UniqueIdentifier>{6a176b3d-b37a-4325-adfd-706f5d7fd716}</UniqueIdentifier>
    </Filter>
    <Filter Include="opengl\shaders">
      <UniqueIdentifier>{6bd89a1e-dcdf-4b52-a7f5-c263f3938a7b}</UniqueIdentifier>
    </Filter>
    <Filter Include="opengl\shaders\single shaders">
      <UniqueIdentifier>{b81ec5cf-8bef-416d-a237-801eed5a5167}</UniqueIdentifier>
    </Filter>
    <Filter Include="opengl\renderer">
      <UniqueIdentifier>{2ebea4fb-dc81-4758-9edb-911b8e9f25aa}</UniqueIdentifier>
    </Filter>
    <Filter Include="opengl\shaders\texture">
      <UniqueIdentifier>{ed1bfff6-5283-41ba-92f6-1a2c69d4f3d1}</UniqueIdentifier>
    </Filter>
  </ItemGroup>
</Project>